
Microsoft Visual Studio Solution File, Format Version 12.00
# Visual Studio 15
VisualStudioVersion = 15.0.28307.489
MinimumVisualStudioVersion = 10.0.40219.1
Project("{2150E333-8FDC-42A3-9474-1A3956D46DE8}") = "Application", "Application", "{82F5F639-4DCC-4BC2-8452-601ECDC58961}"
EndProject
Project("{2150E333-8FDC-42A3-9474-1A3956D46DE8}") = "Domain", "Domain", "{040A6DCF-C299-49A6-AA5A-3D9E8591E85C}"
EndProject
Project("{2150E333-8FDC-42A3-9474-1A3956D46DE8}") = "Infra.IoC", "Infra.IoC", "{8945B416-04CA-47F5-8D57-0E60FAEEF1F0}"
EndProject
Project("{2150E333-8FDC-42A3-9474-1A3956D46DE8}") = "Infra.Data", "Infra.Data", "{514165AE-9A04-4AAC-A680-36A4F31B696F}"
EndProject
Project("{2150E333-8FDC-42A3-9474-1A3956D46DE8}") = "Presentation", "Presentation", "{07352EC2-F68F-49A0-96DC-4E92D18B3032}"
EndProject
Project("{9A19103F-16F7-4668-BE54-9A1E7A4F7556}") = "Base.Mvc", "Base.Mvc\Base.Mvc.csproj", "{AB6A7243-1566-49C8-A16B-73DCB8A0B700}"
EndProject
Project("{9A19103F-16F7-4668-BE54-9A1E7A4F7556}") = "Base.Domain", "Base.Domain\Base.Domain.csproj", "{34A7CF4E-6718-4875-B362-2B3964141586}"
EndProject
Project("{9A19103F-16F7-4668-BE54-9A1E7A4F7556}") = "Base.Infra.Data", "Base.Infra.Data\Base.Infra.Data.csproj", "{4D98DB39-5490-482E-9BBA-62F218583C10}"
EndProject
Project("{9A19103F-16F7-4668-BE54-9A1E7A4F7556}") = "Base.Application", "Base.Application\Base.Application.csproj", "{5CEFCEC5-F0F7-4CB6-A0CC-DDBF483B2F52}"
EndProject
Project("{9A19103F-16F7-4668-BE54-9A1E7A4F7556}") = "Base.Infra.IoC", "Base.Infra.IoC\Base.Infra.IoC.csproj", "{49992969-9444-4891-BA5D-52D0E9B6C8BB}"
EndProject
Project("{2150E333-8FDC-42A3-9474-1A3956D46DE8}") = "Infra.Bus", "Infra.Bus", "{CDF958D9-76C8-44DC-AE8A-E777CE03E449}"
EndProject
Project("{2150E333-8FDC-42A3-9474-1A3956D46DE8}") = "Api", "Api", "{54E19F74-4C63-40C6-8405-27864AD60072}"
EndProject
Project("{FAE04EC0-301F-11D3-BF4B-00C04F79EFBC}") = "Base.Infra.Bus", "Base.Infra.Bus\Base.Infra.Bus.csproj", "{DA9D7DB4-7C79-48E2-B42C-A00FC5D09444}"
EndProject
Project("{FAE04EC0-301F-11D3-BF4B-00C04F79EFBC}") = "Base.Domain.Core", "Base.Domain.Core\Base.Domain.Core.csproj", "{0DF1C8F9-7357-4A19-BBFF-4A140AD78E53}"
EndProject
Global
	GlobalSection(SolutionConfigurationPlatforms) = preSolution
		Debug|Any CPU = Debug|Any CPU
		Release|Any CPU = Release|Any CPU
	EndGlobalSection
	GlobalSection(ProjectConfigurationPlatforms) = postSolution
		{AB6A7243-1566-49C8-A16B-73DCB8A0B700}.Debug|Any CPU.ActiveCfg = Debug|Any CPU
		{AB6A7243-1566-49C8-A16B-73DCB8A0B700}.Debug|Any CPU.Build.0 = Debug|Any CPU
		{AB6A7243-1566-49C8-A16B-73DCB8A0B700}.Release|Any CPU.ActiveCfg = Release|Any CPU
		{AB6A7243-1566-49C8-A16B-73DCB8A0B700}.Release|Any CPU.Build.0 = Release|Any CPU
		{34A7CF4E-6718-4875-B362-2B3964141586}.Debug|Any CPU.ActiveCfg = Debug|Any CPU
		{34A7CF4E-6718-4875-B362-2B3964141586}.Debug|Any CPU.Build.0 = Debug|Any CPU
		{34A7CF4E-6718-4875-B362-2B3964141586}.Release|Any CPU.ActiveCfg = Release|Any CPU
		{34A7CF4E-6718-4875-B362-2B3964141586}.Release|Any CPU.Build.0 = Release|Any CPU
		{4D98DB39-5490-482E-9BBA-62F218583C10}.Debug|Any CPU.ActiveCfg = Debug|Any CPU
		{4D98DB39-5490-482E-9BBA-62F218583C10}.Debug|Any CPU.Build.0 = Debug|Any CPU
		{4D98DB39-5490-482E-9BBA-62F218583C10}.Release|Any CPU.ActiveCfg = Release|Any CPU
		{4D98DB39-5490-482E-9BBA-62F218583C10}.Release|Any CPU.Build.0 = Release|Any CPU
		{5CEFCEC5-F0F7-4CB6-A0CC-DDBF483B2F52}.Debug|Any CPU.ActiveCfg = Debug|Any CPU
		{5CEFCEC5-F0F7-4CB6-A0CC-DDBF483B2F52}.Debug|Any CPU.Build.0 = Debug|Any CPU
		{5CEFCEC5-F0F7-4CB6-A0CC-DDBF483B2F52}.Release|Any CPU.ActiveCfg = Release|Any CPU
		{5CEFCEC5-F0F7-4CB6-A0CC-DDBF483B2F52}.Release|Any CPU.Build.0 = Release|Any CPU
		{49992969-9444-4891-BA5D-52D0E9B6C8BB}.Debug|Any CPU.ActiveCfg = Debug|Any CPU
		{49992969-9444-4891-BA5D-52D0E9B6C8BB}.Debug|Any CPU.Build.0 = Debug|Any CPU
		{49992969-9444-4891-BA5D-52D0E9B6C8BB}.Release|Any CPU.ActiveCfg = Release|Any CPU
		{49992969-9444-4891-BA5D-52D0E9B6C8BB}.Release|Any CPU.Build.0 = Release|Any CPU
		{DA9D7DB4-7C79-48E2-B42C-A00FC5D09444}.Debug|Any CPU.ActiveCfg = Debug|Any CPU
		{DA9D7DB4-7C79-48E2-B42C-A00FC5D09444}.Debug|Any CPU.Build.0 = Debug|Any CPU
		{DA9D7DB4-7C79-48E2-B42C-A00FC5D09444}.Release|Any CPU.ActiveCfg = Release|Any CPU
		{DA9D7DB4-7C79-48E2-B42C-A00FC5D09444}.Release|Any CPU.Build.0 = Release|Any CPU
		{0DF1C8F9-7357-4A19-BBFF-4A140AD78E53}.Debug|Any CPU.ActiveCfg = Debug|Any CPU
		{0DF1C8F9-7357-4A19-BBFF-4A140AD78E53}.Debug|Any CPU.Build.0 = Debug|Any CPU
		{0DF1C8F9-7357-4A19-BBFF-4A140AD78E53}.Release|Any CPU.ActiveCfg = Release|Any CPU
		{0DF1C8F9-7357-4A19-BBFF-4A140AD78E53}.Release|Any CPU.Build.0 = Release|Any CPU
	EndGlobalSection
	GlobalSection(SolutionProperties) = preSolution
		HideSolutionNode = FALSE
	EndGlobalSection
	GlobalSection(NestedProjects) = preSolution
		{AB6A7243-1566-49C8-A16B-73DCB8A0B700} = {07352EC2-F68F-49A0-96DC-4E92D18B3032}
		{34A7CF4E-6718-4875-B362-2B3964141586} = {040A6DCF-C299-49A6-AA5A-3D9E8591E85C}
		{4D98DB39-5490-482E-9BBA-62F218583C10} = {514165AE-9A04-4AAC-A680-36A4F31B696F}
		{5CEFCEC5-F0F7-4CB6-A0CC-DDBF483B2F52} = {82F5F639-4DCC-4BC2-8452-601ECDC58961}
		{49992969-9444-4891-BA5D-52D0E9B6C8BB} = {8945B416-04CA-47F5-8D57-0E60FAEEF1F0}
		{DA9D7DB4-7C79-48E2-B42C-A00FC5D09444} = {CDF958D9-76C8-44DC-AE8A-E777CE03E449}
		{0DF1C8F9-7357-4A19-BBFF-4A140AD78E53} = {040A6DCF-C299-49A6-AA5A-3D9E8591E85C}
	EndGlobalSection
	GlobalSection(ExtensibilityGlobals) = postSolution
		SolutionGuid = {0559A7E6-13EC-4578-8EFB-D6043845DE86}
	EndGlobalSection
EndGlobal
